
Microsoft Visual Studio Solution File, Format Version 12.00
Project("{2150E333-8FDC-42A3-9474-1A3956D46DE8}") = "src", "src", "{F0E17DB4-0F25-47AD-B95C-A17E3D39E084}"
EndProject
Project("{2150E333-8FDC-42A3-9474-1A3956D46DE8}") = "tests", "tests", "{B73736D5-AD8F-4B8C-BC80-7E8053E7022B}"
EndProject
Project("{2150E333-8FDC-42A3-9474-1A3956D46DE8}") = "unit", "unit", "{276D2820-AA65-4BB5-A4BB-99965964CE91}"
EndProject
Project("{2150E333-8FDC-42A3-9474-1A3956D46DE8}") = "integration", "integration", "{89505AE2-FF00-4355-BFA5-EC8614CBF1A0}"
EndProject
Project("{FAE04EC0-301F-11D3-BF4B-00C04F79EFBC}") = "DessertsMakery.Expenses.Persistence", "src\DessertsMakery.Expenses.Persistence\DessertsMakery.Expenses.Persistence.csproj", "{08C5A7D2-85FE-4323-9153-438453EC44A3}"
EndProject
Project("{FAE04EC0-301F-11D3-BF4B-00C04F79EFBC}") = "DessertsMakery.Expenses.API", "src\DessertsMakery.Expenses.API\DessertsMakery.Expenses.API.csproj", "{5AF153CC-E19E-4853-90F0-B76F97C34E11}"
EndProject
Project("{FAE04EC0-301F-11D3-BF4B-00C04F79EFBC}") = "DessertsMakery.Expenses.Common", "src\DessertsMakery.Expenses.Common\DessertsMakery.Expenses.Common.csproj", "{05490C48-3E7B-4FC0-BC83-A7823516F798}"
EndProject
Global
	GlobalSection(SolutionConfigurationPlatforms) = preSolution
		Debug|Any CPU = Debug|Any CPU
		Release|Any CPU = Release|Any CPU
	EndGlobalSection
	GlobalSection(NestedProjects) = preSolution
		{276D2820-AA65-4BB5-A4BB-99965964CE91} = {B73736D5-AD8F-4B8C-BC80-7E8053E7022B}
		{89505AE2-FF00-4355-BFA5-EC8614CBF1A0} = {B73736D5-AD8F-4B8C-BC80-7E8053E7022B}
		{08C5A7D2-85FE-4323-9153-438453EC44A3} = {F0E17DB4-0F25-47AD-B95C-A17E3D39E084}
		{5AF153CC-E19E-4853-90F0-B76F97C34E11} = {F0E17DB4-0F25-47AD-B95C-A17E3D39E084}
		{05490C48-3E7B-4FC0-BC83-A7823516F798} = {F0E17DB4-0F25-47AD-B95C-A17E3D39E084}
	EndGlobalSection
	GlobalSection(ProjectConfigurationPlatforms) = postSolution
		{08C5A7D2-85FE-4323-9153-438453EC44A3}.Debug|Any CPU.ActiveCfg = Debug|Any CPU
		{08C5A7D2-85FE-4323-9153-438453EC44A3}.Debug|Any CPU.Build.0 = Debug|Any CPU
		{08C5A7D2-85FE-4323-9153-438453EC44A3}.Release|Any CPU.ActiveCfg = Release|Any CPU
		{08C5A7D2-85FE-4323-9153-438453EC44A3}.Release|Any CPU.Build.0 = Release|Any CPU
		{5AF153CC-E19E-4853-90F0-B76F97C34E11}.Debug|Any CPU.ActiveCfg = Debug|Any CPU
		{5AF153CC-E19E-4853-90F0-B76F97C34E11}.Debug|Any CPU.Build.0 = Debug|Any CPU
		{5AF153CC-E19E-4853-90F0-B76F97C34E11}.Release|Any CPU.ActiveCfg = Release|Any CPU
		{5AF153CC-E19E-4853-90F0-B76F97C34E11}.Release|Any CPU.Build.0 = Release|Any CPU
		{05490C48-3E7B-4FC0-BC83-A7823516F798}.Debug|Any CPU.ActiveCfg = Debug|Any CPU
		{05490C48-3E7B-4FC0-BC83-A7823516F798}.Debug|Any CPU.Build.0 = Debug|Any CPU
		{05490C48-3E7B-4FC0-BC83-A7823516F798}.Release|Any CPU.ActiveCfg = Release|Any CPU
		{05490C48-3E7B-4FC0-BC83-A7823516F798}.Release|Any CPU.Build.0 = Release|Any CPU
	EndGlobalSection
EndGlobal
