
Microsoft Visual Studio Solution File, Format Version 12.00
Project("{2150E333-8FDC-42A3-9474-1A3956D46DE8}") = "src", "src", "{F0E17DB4-0F25-47AD-B95C-A17E3D39E084}"
EndProject
Project("{2150E333-8FDC-42A3-9474-1A3956D46DE8}") = "tests", "tests", "{B73736D5-AD8F-4B8C-BC80-7E8053E7022B}"
EndProject
Project("{2150E333-8FDC-42A3-9474-1A3956D46DE8}") = "unit", "unit", "{276D2820-AA65-4BB5-A4BB-99965964CE91}"
EndProject
Project("{2150E333-8FDC-42A3-9474-1A3956D46DE8}") = "integration", "integration", "{89505AE2-FF00-4355-BFA5-EC8614CBF1A0}"
EndProject
Project("{2150E333-8FDC-42A3-9474-1A3956D46DE8}") = "Expenses", "Expenses", "{215D38CD-D174-4990-B7F0-ADAFB7E752CA}"
EndProject
Project("{FAE04EC0-301F-11D3-BF4B-00C04F79EFBC}") = "DessertsMakery.Expenses.SDK", "src\Expenses\DessertsMakery.Expenses.SDK\DessertsMakery.Expenses.SDK.csproj", "{4E811246-E99E-4720-B133-8AFA66EF5794}"
EndProject
Project("{FAE04EC0-301F-11D3-BF4B-00C04F79EFBC}") = "DessertsMakery.Expenses.Persistence", "src\Expenses\DessertsMakery.Expenses.Persistence\DessertsMakery.Expenses.Persistence.csproj", "{6CB00797-F221-4E80-B4FA-1B4732BC50E5}"
EndProject
Project("{2150E333-8FDC-42A3-9474-1A3956D46DE8}") = "Expenses", "Expenses", "{C8344615-4D7A-41E1-A4CF-DEEDC4B6C26F}"
EndProject
Project("{2150E333-8FDC-42A3-9474-1A3956D46DE8}") = "Common", "Common", "{4BDB8C29-6C1B-4A3F-AD01-DA0FB837937B}"
EndProject
Project("{FAE04EC0-301F-11D3-BF4B-00C04F79EFBC}") = "DessertsMakery.Common.Persistence", "src\Common\DessertsMakery.Common.Persistence\DessertsMakery.Common.Persistence.csproj", "{71D47C2C-2779-4821-A405-867C3CCE7E12}"
EndProject
Project("{FAE04EC0-301F-11D3-BF4B-00C04F79EFBC}") = "DessertsMakery.Common.Utility", "src\Common\DessertsMakery.Common.Utility\DessertsMakery.Common.Utility.csproj", "{D072B72E-B8D9-4F3B-9B94-E3F37E36B92E}"
EndProject
Project("{2150E333-8FDC-42A3-9474-1A3956D46DE8}") = "Essentials", "Essentials", "{E07E6448-6BE0-46C7-BBC7-036A87643162}"
EndProject
Project("{FAE04EC0-301F-11D3-BF4B-00C04F79EFBC}") = "DessertsMakery.Essentials.Persistence", "src\Components\DessertsMakery.Essentials.Persistence\DessertsMakery.Essentials.Persistence.csproj", "{F5D5576C-61B3-46F8-B345-6211A34C1D04}"
EndProject
Project("{FAE04EC0-301F-11D3-BF4B-00C04F79EFBC}") = "DessertsMakery.Essentials.SDK", "src\Components\DessertsMakery.Essentials.SDK\DessertsMakery.Essentials.SDK.csproj", "{E0545A1C-ACE8-4527-B60E-839F503DAABC}"
EndProject
Project("{2150E333-8FDC-42A3-9474-1A3956D46DE8}") = "Essentials", "Essentials", "{4E4E6440-DB90-4E17-8248-C8D87F132E30}"
EndProject
Project("{2150E333-8FDC-42A3-9474-1A3956D46DE8}") = "integration", "integration", "{50DD5B13-4A4B-4783-A599-B85821272E9E}"
EndProject
Project("{2150E333-8FDC-42A3-9474-1A3956D46DE8}") = "unit", "unit", "{908669D4-602F-4207-B88E-8C7A3CB2F892}"
EndProject
Global
	GlobalSection(SolutionConfigurationPlatforms) = preSolution
		Debug|Any CPU = Debug|Any CPU
		Release|Any CPU = Release|Any CPU
	EndGlobalSection
	GlobalSection(NestedProjects) = preSolution
		{215D38CD-D174-4990-B7F0-ADAFB7E752CA} = {F0E17DB4-0F25-47AD-B95C-A17E3D39E084}
		{4E811246-E99E-4720-B133-8AFA66EF5794} = {215D38CD-D174-4990-B7F0-ADAFB7E752CA}
		{6CB00797-F221-4E80-B4FA-1B4732BC50E5} = {215D38CD-D174-4990-B7F0-ADAFB7E752CA}
		{C8344615-4D7A-41E1-A4CF-DEEDC4B6C26F} = {B73736D5-AD8F-4B8C-BC80-7E8053E7022B}
		{276D2820-AA65-4BB5-A4BB-99965964CE91} = {C8344615-4D7A-41E1-A4CF-DEEDC4B6C26F}
		{89505AE2-FF00-4355-BFA5-EC8614CBF1A0} = {C8344615-4D7A-41E1-A4CF-DEEDC4B6C26F}
		{4BDB8C29-6C1B-4A3F-AD01-DA0FB837937B} = {F0E17DB4-0F25-47AD-B95C-A17E3D39E084}
		{71D47C2C-2779-4821-A405-867C3CCE7E12} = {4BDB8C29-6C1B-4A3F-AD01-DA0FB837937B}
		{D072B72E-B8D9-4F3B-9B94-E3F37E36B92E} = {4BDB8C29-6C1B-4A3F-AD01-DA0FB837937B}
		{E07E6448-6BE0-46C7-BBC7-036A87643162} = {F0E17DB4-0F25-47AD-B95C-A17E3D39E084}
		{F5D5576C-61B3-46F8-B345-6211A34C1D04} = {E07E6448-6BE0-46C7-BBC7-036A87643162}
		{E0545A1C-ACE8-4527-B60E-839F503DAABC} = {E07E6448-6BE0-46C7-BBC7-036A87643162}
		{4E4E6440-DB90-4E17-8248-C8D87F132E30} = {B73736D5-AD8F-4B8C-BC80-7E8053E7022B}
		{50DD5B13-4A4B-4783-A599-B85821272E9E} = {4E4E6440-DB90-4E17-8248-C8D87F132E30}
		{908669D4-602F-4207-B88E-8C7A3CB2F892} = {4E4E6440-DB90-4E17-8248-C8D87F132E30}
	EndGlobalSection
	GlobalSection(ProjectConfigurationPlatforms) = postSolution
		{4E811246-E99E-4720-B133-8AFA66EF5794}.Debug|Any CPU.ActiveCfg = Debug|Any CPU
		{4E811246-E99E-4720-B133-8AFA66EF5794}.Debug|Any CPU.Build.0 = Debug|Any CPU
		{4E811246-E99E-4720-B133-8AFA66EF5794}.Release|Any CPU.ActiveCfg = Release|Any CPU
		{4E811246-E99E-4720-B133-8AFA66EF5794}.Release|Any CPU.Build.0 = Release|Any CPU
		{6CB00797-F221-4E80-B4FA-1B4732BC50E5}.Debug|Any CPU.ActiveCfg = Debug|Any CPU
		{6CB00797-F221-4E80-B4FA-1B4732BC50E5}.Debug|Any CPU.Build.0 = Debug|Any CPU
		{6CB00797-F221-4E80-B4FA-1B4732BC50E5}.Release|Any CPU.ActiveCfg = Release|Any CPU
		{6CB00797-F221-4E80-B4FA-1B4732BC50E5}.Release|Any CPU.Build.0 = Release|Any CPU
		{71D47C2C-2779-4821-A405-867C3CCE7E12}.Debug|Any CPU.ActiveCfg = Debug|Any CPU
		{71D47C2C-2779-4821-A405-867C3CCE7E12}.Debug|Any CPU.Build.0 = Debug|Any CPU
		{71D47C2C-2779-4821-A405-867C3CCE7E12}.Release|Any CPU.ActiveCfg = Release|Any CPU
		{71D47C2C-2779-4821-A405-867C3CCE7E12}.Release|Any CPU.Build.0 = Release|Any CPU
		{D072B72E-B8D9-4F3B-9B94-E3F37E36B92E}.Debug|Any CPU.ActiveCfg = Debug|Any CPU
		{D072B72E-B8D9-4F3B-9B94-E3F37E36B92E}.Debug|Any CPU.Build.0 = Debug|Any CPU
		{D072B72E-B8D9-4F3B-9B94-E3F37E36B92E}.Release|Any CPU.ActiveCfg = Release|Any CPU
		{D072B72E-B8D9-4F3B-9B94-E3F37E36B92E}.Release|Any CPU.Build.0 = Release|Any CPU
		{F5D5576C-61B3-46F8-B345-6211A34C1D04}.Debug|Any CPU.ActiveCfg = Debug|Any CPU
		{F5D5576C-61B3-46F8-B345-6211A34C1D04}.Debug|Any CPU.Build.0 = Debug|Any CPU
		{F5D5576C-61B3-46F8-B345-6211A34C1D04}.Release|Any CPU.ActiveCfg = Release|Any CPU
		{F5D5576C-61B3-46F8-B345-6211A34C1D04}.Release|Any CPU.Build.0 = Release|Any CPU
		{E0545A1C-ACE8-4527-B60E-839F503DAABC}.Debug|Any CPU.ActiveCfg = Debug|Any CPU
		{E0545A1C-ACE8-4527-B60E-839F503DAABC}.Debug|Any CPU.Build.0 = Debug|Any CPU
		{E0545A1C-ACE8-4527-B60E-839F503DAABC}.Release|Any CPU.ActiveCfg = Release|Any CPU
		{E0545A1C-ACE8-4527-B60E-839F503DAABC}.Release|Any CPU.Build.0 = Release|Any CPU
	EndGlobalSection
EndGlobal
